
Microsoft Visual Studio Solution File, Format Version 12.00
# Visual Studio Version 16
VisualStudioVersion = 16.0.29519.181
MinimumVisualStudioVersion = 10.0.40219.1
Project("{FAE04EC0-301F-11D3-BF4B-00C04F79EFBC}") = "SHYE", "SHYE\SHYE.csproj", "{869850D6-080A-49D3-A080-D2F33E084B29}"
EndProject
Project("{FAE04EC0-301F-11D3-BF4B-00C04F79EFBC}") = "BE", "BE\BE.csproj", "{A91B6E9E-F3B8-492F-88AA-71CCF3EAF701}"
EndProject
Project("{FAE04EC0-301F-11D3-BF4B-00C04F79EFBC}") = "DAL", "DAL\DAL.csproj", "{666F8193-A027-4B6B-9F98-C6EE43EDCB4C}"
EndProject
Project("{FAE04EC0-301F-11D3-BF4B-00C04F79EFBC}") = "BL", "BL\BL.csproj", "{D52ACC35-6DA1-4752-A050-9283F72A5479}"
EndProject
Project("{FAE04EC0-301F-11D3-BF4B-00C04F79EFBC}") = "PL", "PL\PL.csproj", "{3375C1A5-4DBB-47E7-B3C4-963588B002B7}"
EndProject
Global
	GlobalSection(SolutionConfigurationPlatforms) = preSolution
		Debug|Any CPU = Debug|Any CPU
		Release|Any CPU = Release|Any CPU
	EndGlobalSection
	GlobalSection(ProjectConfigurationPlatforms) = postSolution
		{869850D6-080A-49D3-A080-D2F33E084B29}.Debug|Any CPU.ActiveCfg = Debug|Any CPU
		{869850D6-080A-49D3-A080-D2F33E084B29}.Debug|Any CPU.Build.0 = Debug|Any CPU
		{869850D6-080A-49D3-A080-D2F33E084B29}.Release|Any CPU.ActiveCfg = Release|Any CPU
		{869850D6-080A-49D3-A080-D2F33E084B29}.Release|Any CPU.Build.0 = Release|Any CPU
		{A91B6E9E-F3B8-492F-88AA-71CCF3EAF701}.Debug|Any CPU.ActiveCfg = Debug|Any CPU
		{A91B6E9E-F3B8-492F-88AA-71CCF3EAF701}.Debug|Any CPU.Build.0 = Debug|Any CPU
		{A91B6E9E-F3B8-492F-88AA-71CCF3EAF701}.Release|Any CPU.ActiveCfg = Release|Any CPU
		{A91B6E9E-F3B8-492F-88AA-71CCF3EAF701}.Release|Any CPU.Build.0 = Release|Any CPU
		{666F8193-A027-4B6B-9F98-C6EE43EDCB4C}.Debug|Any CPU.ActiveCfg = Debug|Any CPU
		{666F8193-A027-4B6B-9F98-C6EE43EDCB4C}.Debug|Any CPU.Build.0 = Debug|Any CPU
		{666F8193-A027-4B6B-9F98-C6EE43EDCB4C}.Release|Any CPU.ActiveCfg = Release|Any CPU
		{666F8193-A027-4B6B-9F98-C6EE43EDCB4C}.Release|Any CPU.Build.0 = Release|Any CPU
		{D52ACC35-6DA1-4752-A050-9283F72A5479}.Debug|Any CPU.ActiveCfg = Debug|Any CPU
		{D52ACC35-6DA1-4752-A050-9283F72A5479}.Debug|Any CPU.Build.0 = Debug|Any CPU
		{D52ACC35-6DA1-4752-A050-9283F72A5479}.Release|Any CPU.ActiveCfg = Release|Any CPU
		{D52ACC35-6DA1-4752-A050-9283F72A5479}.Release|Any CPU.Build.0 = Release|Any CPU
		{3375C1A5-4DBB-47E7-B3C4-963588B002B7}.Debug|Any CPU.ActiveCfg = Debug|Any CPU
		{3375C1A5-4DBB-47E7-B3C4-963588B002B7}.Debug|Any CPU.Build.0 = Debug|Any CPU
		{3375C1A5-4DBB-47E7-B3C4-963588B002B7}.Release|Any CPU.ActiveCfg = Release|Any CPU
		{3375C1A5-4DBB-47E7-B3C4-963588B002B7}.Release|Any CPU.Build.0 = Release|Any CPU
	EndGlobalSection
	GlobalSection(SolutionProperties) = preSolution
		HideSolutionNode = FALSE
	EndGlobalSection
	GlobalSection(ExtensibilityGlobals) = postSolution
		SolutionGuid = {AD6E95AE-1122-4840-8506-72F3C63098CD}
	EndGlobalSection
EndGlobal
